
Microsoft Visual Studio Solution File, Format Version 12.00
# Visual Studio 15
VisualStudioVersion = 15.0.26124.0
MinimumVisualStudioVersion = 15.0.26124.0
Project("{2150E333-8FDC-42A3-9474-1A3956D46DE8}") = "src", "src", "{F72F1B8A-63A6-4A1B-BE29-7F6CF335D2A0}"
EndProject
Project("{FAE04EC0-301F-11D3-BF4B-00C04F79EFBC}") = "extensionlib", "src\extensionlib\extensionlib.csproj", "{83D951EE-2B42-45A6-B3F0-208A5D855F77}"
EndProject
Project("{2150E333-8FDC-42A3-9474-1A3956D46DE8}") = "test", "test", "{039665DD-9A61-4808-A08A-6797D65509FE}"
EndProject
Project("{FAE04EC0-301F-11D3-BF4B-00C04F79EFBC}") = "extensionTest", "test\extensionTest\extensionTest.csproj", "{BA23DF1D-1CBB-453B-AC02-A039319991B6}"
EndProject
Global
	GlobalSection(SolutionConfigurationPlatforms) = preSolution
		Debug|Any CPU = Debug|Any CPU
		Debug|x64 = Debug|x64
		Debug|x86 = Debug|x86
		Release|Any CPU = Release|Any CPU
		Release|x64 = Release|x64
		Release|x86 = Release|x86
	EndGlobalSection
	GlobalSection(SolutionProperties) = preSolution
		HideSolutionNode = FALSE
	EndGlobalSection
	GlobalSection(ProjectConfigurationPlatforms) = postSolution
		{83D951EE-2B42-45A6-B3F0-208A5D855F77}.Debug|Any CPU.ActiveCfg = Debug|Any CPU
		{83D951EE-2B42-45A6-B3F0-208A5D855F77}.Debug|Any CPU.Build.0 = Debug|Any CPU
		{83D951EE-2B42-45A6-B3F0-208A5D855F77}.Debug|x64.ActiveCfg = Debug|Any CPU
		{83D951EE-2B42-45A6-B3F0-208A5D855F77}.Debug|x64.Build.0 = Debug|Any CPU
		{83D951EE-2B42-45A6-B3F0-208A5D855F77}.Debug|x86.ActiveCfg = Debug|Any CPU
		{83D951EE-2B42-45A6-B3F0-208A5D855F77}.Debug|x86.Build.0 = Debug|Any CPU
		{83D951EE-2B42-45A6-B3F0-208A5D855F77}.Release|Any CPU.ActiveCfg = Release|Any CPU
		{83D951EE-2B42-45A6-B3F0-208A5D855F77}.Release|Any CPU.Build.0 = Release|Any CPU
		{83D951EE-2B42-45A6-B3F0-208A5D855F77}.Release|x64.ActiveCfg = Release|Any CPU
		{83D951EE-2B42-45A6-B3F0-208A5D855F77}.Release|x64.Build.0 = Release|Any CPU
		{83D951EE-2B42-45A6-B3F0-208A5D855F77}.Release|x86.ActiveCfg = Release|Any CPU
		{83D951EE-2B42-45A6-B3F0-208A5D855F77}.Release|x86.Build.0 = Release|Any CPU
		{BA23DF1D-1CBB-453B-AC02-A039319991B6}.Debug|Any CPU.ActiveCfg = Debug|Any CPU
		{BA23DF1D-1CBB-453B-AC02-A039319991B6}.Debug|Any CPU.Build.0 = Debug|Any CPU
		{BA23DF1D-1CBB-453B-AC02-A039319991B6}.Debug|x64.ActiveCfg = Debug|Any CPU
		{BA23DF1D-1CBB-453B-AC02-A039319991B6}.Debug|x64.Build.0 = Debug|Any CPU
		{BA23DF1D-1CBB-453B-AC02-A039319991B6}.Debug|x86.ActiveCfg = Debug|Any CPU
		{BA23DF1D-1CBB-453B-AC02-A039319991B6}.Debug|x86.Build.0 = Debug|Any CPU
		{BA23DF1D-1CBB-453B-AC02-A039319991B6}.Release|Any CPU.ActiveCfg = Release|Any CPU
		{BA23DF1D-1CBB-453B-AC02-A039319991B6}.Release|Any CPU.Build.0 = Release|Any CPU
		{BA23DF1D-1CBB-453B-AC02-A039319991B6}.Release|x64.ActiveCfg = Release|Any CPU
		{BA23DF1D-1CBB-453B-AC02-A039319991B6}.Release|x64.Build.0 = Release|Any CPU
		{BA23DF1D-1CBB-453B-AC02-A039319991B6}.Release|x86.ActiveCfg = Release|Any CPU
		{BA23DF1D-1CBB-453B-AC02-A039319991B6}.Release|x86.Build.0 = Release|Any CPU
	EndGlobalSection
	GlobalSection(NestedProjects) = preSolution
		{83D951EE-2B42-45A6-B3F0-208A5D855F77} = {F72F1B8A-63A6-4A1B-BE29-7F6CF335D2A0}
		{BA23DF1D-1CBB-453B-AC02-A039319991B6} = {039665DD-9A61-4808-A08A-6797D65509FE}
	EndGlobalSection
EndGlobal
